// !$*UTF8*$!
{
	archiveVersion = 1;
	classes = {
	};
	objectVersion = 50;
	objects = {

/* Begin PBXBuildFile section */
		0F3D549F260347DA00E82726 /* DZDBalanceWithEnterPasswordView.m in Sources */ = {isa = PBXBuildFile; fileRef = 0F3D549E260347DA00E82726 /* DZDBalanceWithEnterPasswordView.m */; };
		0F704D392609CE6F0063F1E4 /* UIView+BZDExtension.m in Sources */ = {isa = PBXBuildFile; fileRef = 0F704D382609CE6F0063F1E4 /* UIView+BZDExtension.m */; };
		0F8C00D926033DF3009E9591 /* AppDelegate.m in Sources */ = {isa = PBXBuildFile; fileRef = 0F8C00D826033DF3009E9591 /* AppDelegate.m */; };
		0F8C00DC26033DF3009E9591 /* SceneDelegate.m in Sources */ = {isa = PBXBuildFile; fileRef = 0F8C00DB26033DF3009E9591 /* SceneDelegate.m */; };
		0F8C00DF26033DF3009E9591 /* ViewController.m in Sources */ = {isa = PBXBuildFile; fileRef = 0F8C00DE26033DF3009E9591 /* ViewController.m */; };
		0F8C00E226033DF3009E9591 /* Main.storyboard in Resources */ = {isa = PBXBuildFile; fileRef = 0F8C00E026033DF3009E9591 /* Main.storyboard */; };
		0F8C00E426033E19009E9591 /* Assets.xcassets in Resources */ = {isa = PBXBuildFile; fileRef = 0F8C00E326033E19009E9591 /* Assets.xcassets */; };
		0F8C00E726033E19009E9591 /* LaunchScreen.storyboard in Resources */ = {isa = PBXBuildFile; fileRef = 0F8C00E526033E19009E9591 /* LaunchScreen.storyboard */; };
		0F8C00EA26033E19009E9591 /* main.m in Sources */ = {isa = PBXBuildFile; fileRef = 0F8C00E926033E19009E9591 /* main.m */; };
		0F8C00F326033EEC009E9591 /* BZDPasswordView.m in Sources */ = {isa = PBXBuildFile; fileRef = 0F8C00F226033EEC009E9591 /* BZDPasswordView.m */; };
		22134D8C12465CFFB275EE62 /* Pods_BZDDemo.framework in Frameworks */ = {isa = PBXBuildFile; fileRef = 25BBB721F38B5DDC6A65D2DB /* Pods_BZDDemo.framework */; };
/* End PBXBuildFile section */

/* Begin PBXFileReference section */
		0F3D549D260347DA00E82726 /* DZDBalanceWithEnterPasswordView.h */ = {isa = PBXFileReference; lastKnownFileType = sourcecode.c.h; path = DZDBalanceWithEnterPasswordView.h; sourceTree = "<group>"; };
		0F3D549E260347DA00E82726 /* DZDBalanceWithEnterPasswordView.m */ = {isa = PBXFileReference; lastKnownFileType = sourcecode.c.objc; path = DZDBalanceWithEnterPasswordView.m; sourceTree = "<group>"; };
		0F704D2226097E070063F1E4 /* PrefixHeader.pch */ = {isa = PBXFileReference; lastKnownFileType = sourcecode.c.h; path = PrefixHeader.pch; sourceTree = "<group>"; };
		0F704D372609CE6F0063F1E4 /* UIView+BZDExtension.h */ = {isa = PBXFileReference; lastKnownFileType = sourcecode.c.h; path = "UIView+BZDExtension.h"; sourceTree = "<group>"; };
		0F704D382609CE6F0063F1E4 /* UIView+BZDExtension.m */ = {isa = PBXFileReference; lastKnownFileType = sourcecode.c.objc; path = "UIView+BZDExtension.m"; sourceTree = "<group>"; };
		0F8C00D426033DF2009E9591 /* BZDDemo.app */ = {isa = PBXFileReference; explicitFileType = wrapper.application; includeInIndex = 0; path = BZDDemo.app; sourceTree = BUILT_PRODUCTS_DIR; };
		0F8C00D726033DF3009E9591 /* AppDelegate.h */ = {isa = PBXFileReference; lastKnownFileType = sourcecode.c.h; path = AppDelegate.h; sourceTree = "<group>"; };
		0F8C00D826033DF3009E9591 /* AppDelegate.m */ = {isa = PBXFileReference; lastKnownFileType = sourcecode.c.objc; path = AppDelegate.m; sourceTree = "<group>"; };
		0F8C00DA26033DF3009E9591 /* SceneDelegate.h */ = {isa = PBXFileReference; lastKnownFileType = sourcecode.c.h; path = SceneDelegate.h; sourceTree = "<group>"; };
		0F8C00DB26033DF3009E9591 /* SceneDelegate.m */ = {isa = PBXFileReference; lastKnownFileType = sourcecode.c.objc; path = SceneDelegate.m; sourceTree = "<group>"; };
		0F8C00DD26033DF3009E9591 /* ViewController.h */ = {isa = PBXFileReference; lastKnownFileType = sourcecode.c.h; path = ViewController.h; sourceTree = "<group>"; };
		0F8C00DE26033DF3009E9591 /* ViewController.m */ = {isa = PBXFileReference; lastKnownFileType = sourcecode.c.objc; path = ViewController.m; sourceTree = "<group>"; };
		0F8C00E126033DF3009E9591 /* Base */ = {isa = PBXFileReference; lastKnownFileType = file.storyboard; name = Base; path = Base.lproj/Main.storyboard; sourceTree = "<group>"; };
		0F8C00E326033E19009E9591 /* Assets.xcassets */ = {isa = PBXFileReference; lastKnownFileType = folder.assetcatalog; path = Assets.xcassets; sourceTree = "<group>"; };
		0F8C00E626033E19009E9591 /* Base */ = {isa = PBXFileReference; lastKnownFileType = file.storyboard; name = Base; path = Base.lproj/LaunchScreen.storyboard; sourceTree = "<group>"; };
		0F8C00E826033E19009E9591 /* Info.plist */ = {isa = PBXFileReference; lastKnownFileType = text.plist.xml; path = Info.plist; sourceTree = "<group>"; };
		0F8C00E926033E19009E9591 /* main.m */ = {isa = PBXFileReference; lastKnownFileType = sourcecode.c.objc; path = main.m; sourceTree = "<group>"; };
		0F8C00F126033EEC009E9591 /* BZDPasswordView.h */ = {isa = PBXFileReference; lastKnownFileType = sourcecode.c.h; path = BZDPasswordView.h; sourceTree = "<group>"; };
		0F8C00F226033EEC009E9591 /* BZDPasswordView.m */ = {isa = PBXFileReference; lastKnownFileType = sourcecode.c.objc; path = BZDPasswordView.m; sourceTree = "<group>"; };
		25BBB721F38B5DDC6A65D2DB /* Pods_BZDDemo.framework */ = {isa = PBXFileReference; explicitFileType = wrapper.framework; includeInIndex = 0; path = Pods_BZDDemo.framework; sourceTree = BUILT_PRODUCTS_DIR; };
		B3A0234B606982BBFE0B036D /* Pods-BZDDemo.release.xcconfig */ = {isa = PBXFileReference; includeInIndex = 1; lastKnownFileType = text.xcconfig; name = "Pods-BZDDemo.release.xcconfig"; path = "Target Support Files/Pods-BZDDemo/Pods-BZDDemo.release.xcconfig"; sourceTree = "<group>"; };
		CA92557F280AFBCCF3876835 /* Pods-BZDDemo.debug.xcconfig */ = {isa = PBXFileReference; includeInIndex = 1; lastKnownFileType = text.xcconfig; name = "Pods-BZDDemo.debug.xcconfig"; path = "Target Support Files/Pods-BZDDemo/Pods-BZDDemo.debug.xcconfig"; sourceTree = "<group>"; };
/* End PBXFileReference section */

/* Begin PBXFrameworksBuildPhase section */
		0F8C00D126033DF2009E9591 /* Frameworks */ = {
			isa = PBXFrameworksBuildPhase;
			buildActionMask = 2147483647;
			files = (
				22134D8C12465CFFB275EE62 /* Pods_BZDDemo.framework in Frameworks */,
			);
			runOnlyForDeploymentPostprocessing = 0;
		};
/* End PBXFrameworksBuildPhase section */

/* Begin PBXGroup section */
		0F8C00CB26033DF0009E9591 = {
			isa = PBXGroup;
			children = (
				0F8C00D626033DF2009E9591 /* BZDDemo */,
				0F8C00D526033DF2009E9591 /* Products */,
				D20BABCE588FF99A81A8BFD6 /* Pods */,
				5ABB5C831227CE45C49A0140 /* Frameworks */,
			);
			sourceTree = "<group>";
		};
		0F8C00D526033DF2009E9591 /* Products */ = {
			isa = PBXGroup;
			children = (
				0F8C00D426033DF2009E9591 /* BZDDemo.app */,
			);
			name = Products;
			sourceTree = "<group>";
		};
		0F8C00D626033DF2009E9591 /* BZDDemo */ = {
			isa = PBXGroup;
			children = (
				0F8C00D726033DF3009E9591 /* AppDelegate.h */,
				0F8C00D826033DF3009E9591 /* AppDelegate.m */,
				0F8C00DA26033DF3009E9591 /* SceneDelegate.h */,
				0F8C00DB26033DF3009E9591 /* SceneDelegate.m */,
				0F8C00DD26033DF3009E9591 /* ViewController.h */,
				0F8C00DE26033DF3009E9591 /* ViewController.m */,
				0F704D2226097E070063F1E4 /* PrefixHeader.pch */,
				0F8C00E026033DF3009E9591 /* Main.storyboard */,
				0F8C00E326033E19009E9591 /* Assets.xcassets */,
				0F8C00E526033E19009E9591 /* LaunchScreen.storyboard */,
				0F8C00E826033E19009E9591 /* Info.plist */,
				0F8C00E926033E19009E9591 /* main.m */,
				0F704D372609CE6F0063F1E4 /* UIView+BZDExtension.h */,
				0F704D382609CE6F0063F1E4 /* UIView+BZDExtension.m */,
				0F8C00F126033EEC009E9591 /* BZDPasswordView.h */,
				0F8C00F226033EEC009E9591 /* BZDPasswordView.m */,
				0F3D549D260347DA00E82726 /* DZDBalanceWithEnterPasswordView.h */,
				0F3D549E260347DA00E82726 /* DZDBalanceWithEnterPasswordView.m */,
			);
			path = BZDDemo;
			sourceTree = "<group>";
		};
		5ABB5C831227CE45C49A0140 /* Frameworks */ = {
			isa = PBXGroup;
			children = (
				25BBB721F38B5DDC6A65D2DB /* Pods_BZDDemo.framework */,
			);
			name = Frameworks;
			sourceTree = "<group>";
		};
		D20BABCE588FF99A81A8BFD6 /* Pods */ = {
			isa = PBXGroup;
			children = (
				CA92557F280AFBCCF3876835 /* Pods-BZDDemo.debug.xcconfig */,
				B3A0234B606982BBFE0B036D /* Pods-BZDDemo.release.xcconfig */,
			);
			name = Pods;
			path = Pods;
			sourceTree = "<group>";
		};
/* End PBXGroup section */

/* Begin PBXNativeTarget section */
		0F8C00D326033DF2009E9591 /* BZDDemo */ = {
			isa = PBXNativeTarget;
			buildConfigurationList = 0F8C00ED26033E19009E9591 /* Build configuration list for PBXNativeTarget "BZDDemo" */;
			buildPhases = (
				3EC334C76BAEE7C1994C58B2 /* [CP] Check Pods Manifest.lock */,
				0F8C00D026033DF2009E9591 /* Sources */,
				0F8C00D126033DF2009E9591 /* Frameworks */,
				0F8C00D226033DF2009E9591 /* Resources */,
				5AE6F9E96844F58A99DD0B8A /* [CP] Embed Pods Frameworks */,
			);
			buildRules = (
			);
			dependencies = (
			);
			name = BZDDemo;
			productName = BZDDemo;
			productReference = 0F8C00D426033DF2009E9591 /* BZDDemo.app */;
			productType = "com.apple.product-type.application";
		};
/* End PBXNativeTarget section */

/* Begin PBXProject section */
		0F8C00CC26033DF1009E9591 /* Project object */ = {
			isa = PBXProject;
			attributes = {
				LastUpgradeCheck = 1230;
				TargetAttributes = {
					0F8C00D326033DF2009E9591 = {
						CreatedOnToolsVersion = 12.3;
					};
				};
			};
			buildConfigurationList = 0F8C00CF26033DF1009E9591 /* Build configuration list for PBXProject "BZDDemo" */;
			compatibilityVersion = "Xcode 9.3";
			developmentRegion = en;
			hasScannedForEncodings = 0;
			knownRegions = (
				en,
				Base,
			);
			mainGroup = 0F8C00CB26033DF0009E9591;
			productRefGroup = 0F8C00D526033DF2009E9591 /* Products */;
			projectDirPath = "";
			projectRoot = "";
			targets = (
				0F8C00D326033DF2009E9591 /* BZDDemo */,
			);
		};
/* End PBXProject section */

/* Begin PBXResourcesBuildPhase section */
		0F8C00D226033DF2009E9591 /* Resources */ = {
			isa = PBXResourcesBuildPhase;
			buildActionMask = 2147483647;
			files = (
				0F8C00E726033E19009E9591 /* LaunchScreen.storyboard in Resources */,
				0F8C00E426033E19009E9591 /* Assets.xcassets in Resources */,
				0F8C00E226033DF3009E9591 /* Main.storyboard in Resources */,
			);
			runOnlyForDeploymentPostprocessing = 0;
		};
/* End PBXResourcesBuildPhase section */

/* Begin PBXShellScriptBuildPhase section */
		3EC334C76BAEE7C1994C58B2 /* [CP] Check Pods Manifest.lock */ = {
			isa = PBXShellScriptBuildPhase;
			buildActionMask = 2147483647;
			files = (
			);
			inputFileListPaths = (
			);
			inputPaths = (
				"${PODS_PODFILE_DIR_PATH}/Podfile.lock",
				"${PODS_ROOT}/Manifest.lock",
			);
			name = "[CP] Check Pods Manifest.lock";
			outputFileListPaths = (
			);
			outputPaths = (
				"$(DERIVED_FILE_DIR)/Pods-BZDDemo-checkManifestLockResult.txt",
			);
			runOnlyForDeploymentPostprocessing = 0;
			shellPath = /bin/sh;
			shellScript = "diff \"${PODS_PODFILE_DIR_PATH}/Podfile.lock\" \"${PODS_ROOT}/Manifest.lock\" > /dev/null\nif [ $? != 0 ] ; then\n    # print error to STDERR\n    echo \"error: The sandbox is not in sync with the Podfile.lock. Run 'pod install' or update your CocoaPods installation.\" >&2\n    exit 1\nfi\n# This output is used by Xcode 'outputs' to avoid re-running this script phase.\necho \"SUCCESS\" > \"${SCRIPT_OUTPUT_FILE_0}\"\n";
			showEnvVarsInLog = 0;
		};
		5AE6F9E96844F58A99DD0B8A /* [CP] Embed Pods Frameworks */ = {
			isa = PBXShellScriptBuildPhase;
			buildActionMask = 2147483647;
			files = (
			);
			inputFileListPaths = (
				"${PODS_ROOT}/Target Support Files/Pods-BZDDemo/Pods-BZDDemo-frameworks-${CONFIGURATION}-input-files.xcfilelist",
			);
			name = "[CP] Embed Pods Frameworks";
			outputFileListPaths = (
				"${PODS_ROOT}/Target Support Files/Pods-BZDDemo/Pods-BZDDemo-frameworks-${CONFIGURATION}-output-files.xcfilelist",
			);
			runOnlyForDeploymentPostprocessing = 0;
			shellPath = /bin/sh;
			shellScript = "\"${PODS_ROOT}/Target Support Files/Pods-BZDDemo/Pods-BZDDemo-frameworks.sh\"\n";
			showEnvVarsInLog = 0;
		};
/* End PBXShellScriptBuildPhase section */

/* Begin PBXSourcesBuildPhase section */
		0F8C00D026033DF2009E9591 /* Sources */ = {
			isa = PBXSourcesBuildPhase;
			buildActionMask = 2147483647;
			files = (
				0F8C00DF26033DF3009E9591 /* ViewController.m in Sources */,
				0F8C00D926033DF3009E9591 /* AppDelegate.m in Sources */,
				0F8C00F326033EEC009E9591 /* BZDPasswordView.m in Sources */,
				0F8C00EA26033E19009E9591 /* main.m in Sources */,
				0F3D549F260347DA00E82726 /* DZDBalanceWithEnterPasswordView.m in Sources */,
				0F704D392609CE6F0063F1E4 /* UIView+BZDExtension.m in Sources */,
				0F8C00DC26033DF3009E9591 /* SceneDelegate.m in Sources */,
			);
			runOnlyForDeploymentPostprocessing = 0;
		};
/* End PBXSourcesBuildPhase section */

/* Begin PBXVariantGroup section */
		0F8C00E026033DF3009E9591 /* Main.storyboard */ = {
			isa = PBXVariantGroup;
			children = (
				0F8C00E126033DF3009E9591 /* Base */,
			);
			name = Main.storyboard;
			sourceTree = "<group>";
		};
		0F8C00E526033E19009E9591 /* LaunchScreen.storyboard */ = {
			isa = PBXVariantGroup;
			children = (
				0F8C00E626033E19009E9591 /* Base */,
			);
			name = LaunchScreen.storyboard;
			sourceTree = "<group>";
		};
/* End PBXVariantGroup section */

/* Begin XCBuildConfiguration section */
		0F8C00EB26033E19009E9591 /* Debug */ = {
			isa = XCBuildConfiguration;
			buildSettings = {
				ALWAYS_SEARCH_USER_PATHS = NO;
				CLANG_ANALYZER_NONNULL = YES;
				CLANG_ANALYZER_NUMBER_OBJECT_CONVERSION = YES_AGGRESSIVE;
				CLANG_CXX_LANGUAGE_STANDARD = "gnu++14";
				CLANG_CXX_LIBRARY = "libc++";
				CLANG_ENABLE_MODULES = YES;
				CLANG_ENABLE_OBJC_ARC = YES;
				CLANG_ENABLE_OBJC_WEAK = YES;
				CLANG_WARN_BLOCK_CAPTURE_AUTORELEASING = YES;
				CLANG_WARN_BOOL_CONVERSION = YES;
				CLANG_WARN_COMMA = YES;
				CLANG_WARN_CONSTANT_CONVERSION = YES;
				CLANG_WARN_DEPRECATED_OBJC_IMPLEMENTATIONS = YES;
				CLANG_WARN_DIRECT_OBJC_ISA_USAGE = YES_ERROR;
				CLANG_WARN_DOCUMENTATION_COMMENTS = YES;
				CLANG_WARN_EMPTY_BODY = YES;
				CLANG_WARN_ENUM_CONVERSION = YES;
				CLANG_WARN_INFINITE_RECURSION = YES;
				CLANG_WARN_INT_CONVERSION = YES;
				CLANG_WARN_NON_LITERAL_NULL_CONVERSION = YES;
				CLANG_WARN_OBJC_IMPLICIT_RETAIN_SELF = YES;
				CLANG_WARN_OBJC_LITERAL_CONVERSION = YES;
				CLANG_WARN_OBJC_ROOT_CLASS = YES_ERROR;
				CLANG_WARN_QUOTED_INCLUDE_IN_FRAMEWORK_HEADER = YES;
				CLANG_WARN_RANGE_LOOP_ANALYSIS = YES;
				CLANG_WARN_STRICT_PROTOTYPES = YES;
				CLANG_WARN_SUSPICIOUS_MOVE = YES;
				CLANG_WARN_UNGUARDED_AVAILABILITY = YES_AGGRESSIVE;
				CLANG_WARN_UNREACHABLE_CODE = YES;
				CLANG_WARN__DUPLICATE_METHOD_MATCH = YES;
				COPY_PHASE_STRIP = NO;
				DEBUG_INFORMATION_FORMAT = dwarf;
				ENABLE_STRICT_OBJC_MSGSEND = YES;
				ENABLE_TESTABILITY = YES;
				GCC_C_LANGUAGE_STANDARD = gnu11;
				GCC_DYNAMIC_NO_PIC = NO;
				GCC_NO_COMMON_BLOCKS = YES;
				GCC_OPTIMIZATION_LEVEL = 0;
				GCC_PREPROCESSOR_DEFINITIONS = (
					"DEBUG=1",
					"$(inherited)",
				);
				GCC_WARN_64_TO_32_BIT_CONVERSION = YES;
				GCC_WARN_ABOUT_RETURN_TYPE = YES_ERROR;
				GCC_WARN_UNDECLARED_SELECTOR = YES;
				GCC_WARN_UNINITIALIZED_AUTOS = YES_AGGRESSIVE;
				GCC_WARN_UNUSED_FUNCTION = YES;
				GCC_WARN_UNUSED_VARIABLE = YES;
				IPHONEOS_DEPLOYMENT_TARGET = 14.3;
				MTL_ENABLE_DEBUG_INFO = INCLUDE_SOURCE;
				MTL_FAST_MATH = YES;
				ONLY_ACTIVE_ARCH = YES;
				SDKROOT = iphoneos;
			};
			name = Debug;
		};
		0F8C00EC26033E19009E9591 /* Release */ = {
			isa = XCBuildConfiguration;
			buildSettings = {
				ALWAYS_SEARCH_USER_PATHS = NO;
				CLANG_ANALYZER_NONNULL = YES;
				CLANG_ANALYZER_NUMBER_OBJECT_CONVERSION = YES_AGGRESSIVE;
				CLANG_CXX_LANGUAGE_STANDARD = "gnu++14";
				CLANG_CXX_LIBRARY = "libc++";
				CLANG_ENABLE_MODULES = YES;
				CLANG_ENABLE_OBJC_ARC = YES;
				CLANG_ENABLE_OBJC_WEAK = YES;
				CLANG_WARN_BLOCK_CAPTURE_AUTORELEASING = YES;
				CLANG_WARN_BOOL_CONVERSION = YES;
				CLANG_WARN_COMMA = YES;
				CLANG_WARN_CONSTANT_CONVERSION = YES;
				CLANG_WARN_DEPRECATED_OBJC_IMPLEMENTATIONS = YES;
				CLANG_WARN_DIRECT_OBJC_ISA_USAGE = YES_ERROR;
				CLANG_WARN_DOCUMENTATION_COMMENTS = YES;
				CLANG_WARN_EMPTY_BODY = YES;
				CLANG_WARN_ENUM_CONVERSION = YES;
				CLANG_WARN_INFINITE_RECURSION = YES;
				CLANG_WARN_INT_CONVERSION = YES;
				CLANG_WARN_NON_LITERAL_NULL_CONVERSION = YES;
				CLANG_WARN_OBJC_IMPLICIT_RETAIN_SELF = YES;
				CLANG_WARN_OBJC_LITERAL_CONVERSION = YES;
				CLANG_WARN_OBJC_ROOT_CLASS = YES_ERROR;
				CLANG_WARN_QUOTED_INCLUDE_IN_FRAMEWORK_HEADER = YES;
				CLANG_WARN_RANGE_LOOP_ANALYSIS = YES;
				CLANG_WARN_STRICT_PROTOTYPES = YES;
				CLANG_WARN_SUSPICIOUS_MOVE = YES;
				CLANG_WARN_UNGUARDED_AVAILABILITY = YES_AGGRESSIVE;
				CLANG_WARN_UNREACHABLE_CODE = YES;
				CLANG_WARN__DUPLICATE_METHOD_MATCH = YES;
				COPY_PHASE_STRIP = NO;
				DEBUG_INFORMATION_FORMAT = "dwarf-with-dsym";
				ENABLE_NS_ASSERTIONS = NO;
				ENABLE_STRICT_OBJC_MSGSEND = YES;
				GCC_C_LANGUAGE_STANDARD = gnu11;
				GCC_NO_COMMON_BLOCKS = YES;
				GCC_WARN_64_TO_32_BIT_CONVERSION = YES;
				GCC_WARN_ABOUT_RETURN_TYPE = YES_ERROR;
				GCC_WARN_UNDECLARED_SELECTOR = YES;
				GCC_WARN_UNINITIALIZED_AUTOS = YES_AGGRESSIVE;
				GCC_WARN_UNUSED_FUNCTION = YES;
				GCC_WARN_UNUSED_VARIABLE = YES;
				IPHONEOS_DEPLOYMENT_TARGET = 14.3;
				MTL_ENABLE_DEBUG_INFO = NO;
				MTL_FAST_MATH = YES;
				SDKROOT = iphoneos;
				VALIDATE_PRODUCT = YES;
			};
			name = Release;
		};
		0F8C00EE26033E19009E9591 /* Debug */ = {
			isa = XCBuildConfiguration;
			baseConfigurationReference = CA92557F280AFBCCF3876835 /* Pods-BZDDemo.debug.xcconfig */;
			buildSettings = {
				ASSETCATALOG_COMPILER_APPICON_NAME = AppIcon;
				ASSETCATALOG_COMPILER_GLOBAL_ACCENT_COLOR_NAME = AccentColor;
				CODE_SIGN_STYLE = Automatic;
				DEVELOPMENT_TEAM = PCL6S4ZCPW;
				GCC_C_LANGUAGE_STANDARD = gnu99;
				GCC_PREFIX_HEADER = "$(SRCROOT)/BZDDemo/PrefixHeader.pch";
				INFOPLIST_FILE = BZDDemo/Info.plist;
				LD_RUNPATH_SEARCH_PATHS = (
					"$(inherited)",
					"@executable_path/Frameworks",
				);
				ONLY_ACTIVE_ARCH = YES;
				PRODUCT_BUNDLE_IDENTIFIER = com.lzg.BZDDemo;
				PRODUCT_NAME = "$(TARGET_NAME)";
				TARGETED_DEVICE_FAMILY = "1,2";
			};
			name = Debug;
		};
		0F8C00EF26033E19009E9591 /* Release */ = {
			isa = XCBuildConfiguration;
			baseConfigurationReference = B3A0234B606982BBFE0B036D /* Pods-BZDDemo.release.xcconfig */;
			buildSettings = {
				ASSETCATALOG_COMPILER_APPICON_NAME = AppIcon;
				ASSETCATALOG_COMPILER_GLOBAL_ACCENT_COLOR_NAME = AccentColor;
				CODE_SIGN_STYLE = Automatic;
				DEVELOPMENT_TEAM = PCL6S4ZCPW;
				GCC_C_LANGUAGE_STANDARD = gnu99;
				GCC_PREFIX_HEADER = "$(SRCROOT)/BZDDemo/PrefixHeader.pch";
				INFOPLIST_FILE = BZDDemo/Info.plist;
				LD_RUNPATH_SEARCH_PATHS = (
					"$(inherited)",
					"@executable_path/Frameworks",
				);
				PRODUCT_BUNDLE_IDENTIFIER = com.lzg.BZDDemo;
				PRODUCT_NAME = "$(TARGET_NAME)";
				TARGETED_DEVICE_FAMILY = "1,2";
			};
			name = Release;
		};
/* End XCBuildConfiguration section */

/* Begin XCConfigurationList section */
		0F8C00CF26033DF1009E9591 /* Build configuration list for PBXProject "BZDDemo" */ = {
			isa = XCConfigurationList;
			buildConfigurations = (
				0F8C00EB26033E19009E9591 /* Debug */,
				0F8C00EC26033E19009E9591 /* Release */,
			);
			defaultConfigurationIsVisible = 0;
			defaultConfigurationName = Release;
		};
		0F8C00ED26033E19009E9591 /* Build configuration list for PBXNativeTarget "BZDDemo" */ = {
			isa = XCConfigurationList;
			buildConfigurations = (
				0F8C00EE26033E19009E9591 /* Debug */,
				0F8C00EF26033E19009E9591 /* Release */,
			);
			defaultConfigurationIsVisible = 0;
			defaultConfigurationName = Release;
		};
/* End XCConfigurationList section */
	};
	rootObject = 0F8C00CC26033DF1009E9591 /* Project object */;
}
